
Microsoft Visual Studio Solution File, Format Version 12.00
# Visual Studio Version 16
VisualStudioVersion = 16.0.29215.179
MinimumVisualStudioVersion = 10.0.40219.1
Project("{FAE04EC0-301F-11D3-BF4B-00C04F79EFBC}") = "NatsStreamingTrouble", "NatsStreamingTrouble\NatsStreamingTrouble.csproj", "{9E2B283E-2B1C-4FFE-8B3D-ABB772D9AA50}"
EndProject
Global
	GlobalSection(SolutionConfigurationPlatforms) = preSolution
		Debug|Any CPU = Debug|Any CPU
		Release|Any CPU = Release|Any CPU
	EndGlobalSection
	GlobalSection(ProjectConfigurationPlatforms) = postSolution
		{9E2B283E-2B1C-4FFE-8B3D-ABB772D9AA50}.Debug|Any CPU.ActiveCfg = Debug|Any CPU
		{9E2B283E-2B1C-4FFE-8B3D-ABB772D9AA50}.Debug|Any CPU.Build.0 = Debug|Any CPU
		{9E2B283E-2B1C-4FFE-8B3D-ABB772D9AA50}.Release|Any CPU.ActiveCfg = Release|Any CPU
		{9E2B283E-2B1C-4FFE-8B3D-ABB772D9AA50}.Release|Any CPU.Build.0 = Release|Any CPU
	EndGlobalSection
	GlobalSection(SolutionProperties) = preSolution
		HideSolutionNode = FALSE
	EndGlobalSection
	GlobalSection(ExtensibilityGlobals) = postSolution
		SolutionGuid = {EEF650B5-F629-434C-AEAE-CA46BD86BA33}
	EndGlobalSection
EndGlobal
